Microsoft Visual Studio Solution File, Format Version 12.00
# Visual Studio Version 17
VisualStudioVersion = 17.5.2.0
MinimumVisualStudioVersion = 10.0.40219.1
Project("{FAE04EC0-301F-11D3-BF4B-00C04F79EFBC}") = "InfoCrawler", "InfoCrawler.csproj", "{5A40F9E6-4CF9-CFA6-CF79-04EA6DDDD385}"
EndProject
Global
	GlobalSection(SolutionConfigurationPlatforms) = preSolution
		Debug|Any CPU = Debug|Any CPU
		Release|Any CPU = Release|Any CPU
	EndGlobalSection
	GlobalSection(ProjectConfigurationPlatforms) = postSolution
		{5A40F9E6-4CF9-CFA6-CF79-04EA6DDDD385}.Debug|Any CPU.ActiveCfg = Debug|Any CPU
		{5A40F9E6-4CF9-CFA6-CF79-04EA6DDDD385}.Debug|Any CPU.Build.0 = Debug|Any CPU
		{5A40F9E6-4CF9-CFA6-CF79-04EA6DDDD385}.Release|Any CPU.ActiveCfg = Release|Any CPU
		{5A40F9E6-4CF9-CFA6-CF79-04EA6DDDD385}.Release|Any CPU.Build.0 = Release|Any CPU
	EndGlobalSection
	GlobalSection(SolutionProperties) = preSolution
		HideSolutionNode = FALSE
	EndGlobalSection
	GlobalSection(ExtensibilityGlobals) = postSolution
		SolutionGuid = {D2BF0D0B-1642-41F5-9CA5-4BDDC7B48396}
	EndGlobalSection
EndGlobal
